// !$*UTF8*$!
{
	archiveVersion = 1;
	classes = {
	};
	objectVersion = 56;
	objects = {

/* Begin PBXBuildFile section */
		746AFA912B4E3F4300AF14BF /* HexagonParameters.swift in Sources */ = {isa = PBXBuildFile; fileRef = 746AFA902B4E3F4300AF14BF /* HexagonParameters.swift */; };
		746AFA932B4E407700AF14BF /* BadgeBackground.swift in Sources */ = {isa = PBXBuildFile; fileRef = 746AFA922B4E407700AF14BF /* BadgeBackground.swift */; };
		746AFA952B4E452300AF14BF /* BadgeSymbol.swift in Sources */ = {isa = PBXBuildFile; fileRef = 746AFA942B4E452300AF14BF /* BadgeSymbol.swift */; };
		746AFA972B4E4F5900AF14BF /* RotatedBadgeSymbol.swift in Sources */ = {isa = PBXBuildFile; fileRef = 746AFA962B4E4F5900AF14BF /* RotatedBadgeSymbol.swift */; };
		746AFA992B4E4FF100AF14BF /* Badge.swift in Sources */ = {isa = PBXBuildFile; fileRef = 746AFA982B4E4FF100AF14BF /* Badge.swift */; };
		74DCC9C52B24192700DCE84D /* FavoriteButton.swift in Sources */ = {isa = PBXBuildFile; fileRef = 74DCC9C42B24192700DCE84D /* FavoriteButton.swift */; };
		910C00592B1ED3F700020CD8 /* LandmarksApp.swift in Sources */ = {isa = PBXBuildFile; fileRef = 910C00582B1ED3F700020CD8 /* LandmarksApp.swift */; };
		910C005B2B1ED3F700020CD8 /* ContentView.swift in Sources */ = {isa = PBXBuildFile; fileRef = 910C005A2B1ED3F700020CD8 /* ContentView.swift */; };
		910C005D2B1ED3F800020CD8 /* Assets.xcassets in Resources */ = {isa = PBXBuildFile; fileRef = 910C005C2B1ED3F800020CD8 /* Assets.xcassets */; };
		910C00602B1ED3F800020CD8 /* Preview Assets.xcassets in Resources */ = {isa = PBXBuildFile; fileRef = 910C005F2B1ED3F800020CD8 /* Preview Assets.xcassets */; };
		910C006A2B1ED3F800020CD8 /* LandmarksTests.swift in Sources */ = {isa = PBXBuildFile; fileRef = 910C00692B1ED3F800020CD8 /* LandmarksTests.swift */; };
		910C00742B1ED3F800020CD8 /* LandmarksUITests.swift in Sources */ = {isa = PBXBuildFile; fileRef = 910C00732B1ED3F800020CD8 /* LandmarksUITests.swift */; };
		910C00762B1ED3F800020CD8 /* LandmarksUITestsLaunchTests.swift in Sources */ = {isa = PBXBuildFile; fileRef = 910C00752B1ED3F800020CD8 /* LandmarksUITestsLaunchTests.swift */; };
		919E96CD2B23FF1800D75E5C /* landmarkData.json in Resources */ = {isa = PBXBuildFile; fileRef = 919E96CC2B23FF1800D75E5C /* landmarkData.json */; };
		919E96CF2B23FF7600D75E5C /* CircleImage.swift in Sources */ = {isa = PBXBuildFile; fileRef = 919E96CE2B23FF7600D75E5C /* CircleImage.swift */; };
		919E96D12B23FFDF00D75E5C /* MapView.swift in Sources */ = {isa = PBXBuildFile; fileRef = 919E96D02B23FFDF00D75E5C /* MapView.swift */; };
		919E96D32B24000200D75E5C /* Landmarks.swift in Sources */ = {isa = PBXBuildFile; fileRef = 919E96D22B24000200D75E5C /* Landmarks.swift */; };
		919E96D52B24003D00D75E5C /* ModelData.swift in Sources */ = {isa = PBXBuildFile; fileRef = 919E96D42B24003D00D75E5C /* ModelData.swift */; };
		919E96D72B24006200D75E5C /* LandmarkRow.swift in Sources */ = {isa = PBXBuildFile; fileRef = 919E96D62B24006200D75E5C /* LandmarkRow.swift */; };
		919E96D92B24008A00D75E5C /* LandmarkList.swift in Sources */ = {isa = PBXBuildFile; fileRef = 919E96D82B24008A00D75E5C /* LandmarkList.swift */; };
		919E96DB2B2400B700D75E5C /* LandmarkDetail.swift in Sources */ = {isa = PBXBuildFile; fileRef = 919E96DA2B2400B700D75E5C /* LandmarkDetail.swift */; };
/* End PBXBuildFile section */

/* Begin PBXContainerItemProxy section */
		910C00662B1ED3F800020CD8 /* PBXContainerItemProxy */ = {
			isa = PBXContainerItemProxy;
			containerPortal = 910C004D2B1ED3F700020CD8 /* Project object */;
			proxyType = 1;
			remoteGlobalIDString = 910C00542B1ED3F700020CD8;
			remoteInfo = Landmarks;
		};
		910C00702B1ED3F800020CD8 /* PBXContainerItemProxy */ = {
			isa = PBXContainerItemProxy;
			containerPortal = 910C004D2B1ED3F700020CD8 /* Project object */;
			proxyType = 1;
			remoteGlobalIDString = 910C00542B1ED3F700020CD8;
			remoteInfo = Landmarks;
		};
/* End PBXContainerItemProxy section */

/* Begin PBXFileReference section */
		746AFA902B4E3F4300AF14BF /* HexagonParameters.swift */ = {isa = PBXFileReference; lastKnownFileType = sourcecode.swift; name = HexagonParameters.swift; path = Landmarks/Views/Badges/HexagonParameters.swift; sourceTree = SOURCE_ROOT; };
		746AFA922B4E407700AF14BF /* BadgeBackground.swift */ = {isa = PBXFileReference; lastKnownFileType = sourcecode.swift; path = BadgeBackground.swift; sourceTree = "<group>"; };
		746AFA942B4E452300AF14BF /* BadgeSymbol.swift */ = {isa = PBXFileReference; lastKnownFileType = sourcecode.swift; path = BadgeSymbol.swift; sourceTree = "<group>"; };
		746AFA962B4E4F5900AF14BF /* RotatedBadgeSymbol.swift */ = {isa = PBXFileReference; lastKnownFileType = sourcecode.swift; path = RotatedBadgeSymbol.swift; sourceTree = "<group>"; };
		746AFA982B4E4FF100AF14BF /* Badge.swift */ = {isa = PBXFileReference; lastKnownFileType = sourcecode.swift; path = Badge.swift; sourceTree = "<group>"; };
		74DCC9C42B24192700DCE84D /* FavoriteButton.swift */ = {isa = PBXFileReference; lastKnownFileType = sourcecode.swift; path = FavoriteButton.swift; sourceTree = "<group>"; };
		910C00552B1ED3F700020CD8 /* Landmarks.app */ = {isa = PBXFileReference; explicitFileType = wrapper.application; includeInIndex = 0; path = Landmarks.app; sourceTree = BUILT_PRODUCTS_DIR; };
		910C00582B1ED3F700020CD8 /* LandmarksApp.swift */ = {isa = PBXFileReference; lastKnownFileType = sourcecode.swift; path = LandmarksApp.swift; sourceTree = "<group>"; };
		910C005A2B1ED3F700020CD8 /* ContentView.swift */ = {isa = PBXFileReference; lastKnownFileType = sourcecode.swift; path = ContentView.swift; sourceTree = "<group>"; };
		910C005C2B1ED3F800020CD8 /* Assets.xcassets */ = {isa = PBXFileReference; lastKnownFileType = folder.assetcatalog; path = Assets.xcassets; sourceTree = "<group>"; };
		910C005F2B1ED3F800020CD8 /* Preview Assets.xcassets */ = {isa = PBXFileReference; lastKnownFileType = folder.assetcatalog; path = "Preview Assets.xcassets"; sourceTree = "<group>"; };
		910C00652B1ED3F800020CD8 /* LandmarksTests.xctest */ = {isa = PBXFileReference; explicitFileType = wrapper.cfbundle; includeInIndex = 0; path = LandmarksTests.xctest; sourceTree = BUILT_PRODUCTS_DIR; };
		910C00692B1ED3F800020CD8 /* LandmarksTests.swift */ = {isa = PBXFileReference; lastKnownFileType = sourcecode.swift; path = LandmarksTests.swift; sourceTree = "<group>"; };
		910C006F2B1ED3F800020CD8 /* LandmarksUITests.xctest */ = {isa = PBXFileReference; explicitFileType = wrapper.cfbundle; includeInIndex = 0; path = LandmarksUITests.xctest; sourceTree = BUILT_PRODUCTS_DIR; };
		910C00732B1ED3F800020CD8 /* LandmarksUITests.swift */ = {isa = PBXFileReference; lastKnownFileType = sourcecode.swift; path = LandmarksUITests.swift; sourceTree = "<group>"; };
		910C00752B1ED3F800020CD8 /* LandmarksUITestsLaunchTests.swift */ = {isa = PBXFileReference; lastKnownFileType = sourcecode.swift; path = LandmarksUITestsLaunchTests.swift; sourceTree = "<group>"; };
		919E96CC2B23FF1800D75E5C /* landmarkData.json */ = {isa = PBXFileReference; fileEncoding = 4; lastKnownFileType = text.json; path = landmarkData.json; sourceTree = "<group>"; };
		919E96CE2B23FF7600D75E5C /* CircleImage.swift */ = {isa = PBXFileReference; lastKnownFileType = sourcecode.swift; path = CircleImage.swift; sourceTree = "<group>"; };
		919E96D02B23FFDF00D75E5C /* MapView.swift */ = {isa = PBXFileReference; lastKnownFileType = sourcecode.swift; path = MapView.swift; sourceTree = "<group>"; };
		919E96D22B24000200D75E5C /* Landmarks.swift */ = {isa = PBXFileReference; lastKnownFileType = sourcecode.swift; path = Landmarks.swift; sourceTree = "<group>"; };
		919E96D42B24003D00D75E5C /* ModelData.swift */ = {isa = PBXFileReference; lastKnownFileType = sourcecode.swift; path = ModelData.swift; sourceTree = "<group>"; };
		919E96D62B24006200D75E5C /* LandmarkRow.swift */ = {isa = PBXFileReference; lastKnownFileType = sourcecode.swift; path = LandmarkRow.swift; sourceTree = "<group>"; };
		919E96D82B24008A00D75E5C /* LandmarkList.swift */ = {isa = PBXFileReference; lastKnownFileType = sourcecode.swift; path = LandmarkList.swift; sourceTree = "<group>"; };
		919E96DA2B2400B700D75E5C /* LandmarkDetail.swift */ = {isa = PBXFileReference; lastKnownFileType = sourcecode.swift; path = LandmarkDetail.swift; sourceTree = "<group>"; };
/* End PBXFileReference section */

/* Begin PBXFrameworksBuildPhase section */
		910C00522B1ED3F700020CD8 /* Frameworks */ = {
			isa = PBXFrameworksBuildPhase;
			buildActionMask = 2147483647;
			files = (
			);
			runOnlyForDeploymentPostprocessing = 0;
		};
		910C00622B1ED3F800020CD8 /* Frameworks */ = {
			isa = PBXFrameworksBuildPhase;
			buildActionMask = 2147483647;
			files = (
			);
			runOnlyForDeploymentPostprocessing = 0;
		};
		910C006C2B1ED3F800020CD8 /* Frameworks */ = {
			isa = PBXFrameworksBuildPhase;
			buildActionMask = 2147483647;
			files = (
			);
			runOnlyForDeploymentPostprocessing = 0;
		};
/* End PBXFrameworksBuildPhase section */

/* Begin PBXGroup section */
		746AFA9A2B4E52F000AF14BF /* Badges */ = {
			isa = PBXGroup;
			children = (
				746AFA902B4E3F4300AF14BF /* HexagonParameters.swift */,
				746AFA942B4E452300AF14BF /* BadgeSymbol.swift */,
				746AFA922B4E407700AF14BF /* BadgeBackground.swift */,
				746AFA962B4E4F5900AF14BF /* RotatedBadgeSymbol.swift */,
				746AFA982B4E4FF100AF14BF /* Badge.swift */,
			);
			path = Badges;
			sourceTree = "<group>";
		};
		74DCC9C62B2419CE00DCE84D /* Landmarks */ = {
			isa = PBXGroup;
			children = (
				919E96DA2B2400B700D75E5C /* LandmarkDetail.swift */,
				919E96D82B24008A00D75E5C /* LandmarkList.swift */,
				919E96D62B24006200D75E5C /* LandmarkRow.swift */,
			);
			path = Landmarks;
			sourceTree = "<group>";
		};
		74DCC9C72B2419DC00DCE84D /* Helper */ = {
			isa = PBXGroup;
			children = (
				919E96D02B23FFDF00D75E5C /* MapView.swift */,
				919E96CE2B23FF7600D75E5C /* CircleImage.swift */,
				74DCC9C42B24192700DCE84D /* FavoriteButton.swift */,
			);
			path = Helper;
			sourceTree = "<group>";
		};
		910C004C2B1ED3F700020CD8 = {
			isa = PBXGroup;
			children = (
				910C00572B1ED3F700020CD8 /* Landmarks */,
				910C00682B1ED3F800020CD8 /* LandmarksTests */,
				910C00722B1ED3F800020CD8 /* LandmarksUITests */,
				910C00562B1ED3F700020CD8 /* Products */,
			);
			sourceTree = "<group>";
		};
		910C00562B1ED3F700020CD8 /* Products */ = {
			isa = PBXGroup;
			children = (
				910C00552B1ED3F700020CD8 /* Landmarks.app */,
				910C00652B1ED3F800020CD8 /* LandmarksTests.xctest */,
				910C006F2B1ED3F800020CD8 /* LandmarksUITests.xctest */,
			);
			name = Products;
			sourceTree = "<group>";
		};
		910C00572B1ED3F700020CD8 /* Landmarks */ = {
			isa = PBXGroup;
			children = (
				919E96CB2B23FF0600D75E5C /* Views */,
				919E96CA2B23FEFE00D75E5C /* Model */,
				919E96C92B23FEF700D75E5C /* Resources */,
				910C00582B1ED3F700020CD8 /* LandmarksApp.swift */,
				910C005C2B1ED3F800020CD8 /* Assets.xcassets */,
				910C005E2B1ED3F800020CD8 /* Preview Content */,
			);
			path = Landmarks;
			sourceTree = "<group>";
		};
		910C005E2B1ED3F800020CD8 /* Preview Content */ = {
			isa = PBXGroup;
			children = (
				910C005F2B1ED3F800020CD8 /* Preview Assets.xcassets */,
			);
			path = "Preview Content";
			sourceTree = "<group>";
		};
		910C00682B1ED3F800020CD8 /* LandmarksTests */ = {
			isa = PBXGroup;
			children = (
				910C00692B1ED3F800020CD8 /* LandmarksTests.swift */,
			);
			path = LandmarksTests;
			sourceTree = "<group>";
		};
		910C00722B1ED3F800020CD8 /* LandmarksUITests */ = {
			isa = PBXGroup;
			children = (
				910C00732B1ED3F800020CD8 /* LandmarksUITests.swift */,
				910C00752B1ED3F800020CD8 /* LandmarksUITestsLaunchTests.swift */,
			);
			path = LandmarksUITests;
			sourceTree = "<group>";
		};
		919E96C92B23FEF700D75E5C /* Resources */ = {
			isa = PBXGroup;
			children = (
				919E96CC2B23FF1800D75E5C /* landmarkData.json */,
			);
			path = Resources;
			sourceTree = "<group>";
		};
		919E96CA2B23FEFE00D75E5C /* Model */ = {
			isa = PBXGroup;
			children = (
				919E96D22B24000200D75E5C /* Landmarks.swift */,
				919E96D42B24003D00D75E5C /* ModelData.swift */,
			);
			path = Model;
			sourceTree = "<group>";
		};
		919E96CB2B23FF0600D75E5C /* Views */ = {
			isa = PBXGroup;
			children = (
				746AFA9A2B4E52F000AF14BF /* Badges */,
				74DCC9C72B2419DC00DCE84D /* Helper */,
				74DCC9C62B2419CE00DCE84D /* Landmarks */,
				910C005A2B1ED3F700020CD8 /* ContentView.swift */,
			);
			path = Views;
			sourceTree = "<group>";
		};
/* End PBXGroup section */

/* Begin PBXNativeTarget section */
		910C00542B1ED3F700020CD8 /* Landmarks */ = {
			isa = PBXNativeTarget;
			buildConfigurationList = 910C00792B1ED3F800020CD8 /* Build configuration list for PBXNativeTarget "Landmarks" */;
			buildPhases = (
				910C00512B1ED3F700020CD8 /* Sources */,
				910C00522B1ED3F700020CD8 /* Frameworks */,
				910C00532B1ED3F700020CD8 /* Resources */,
			);
			buildRules = (
			);
			dependencies = (
			);
			name = Landmarks;
			productName = Landmarks;
			productReference = 910C00552B1ED3F700020CD8 /* Landmarks.app */;
			productType = "com.apple.product-type.application";
		};
		910C00642B1ED3F800020CD8 /* LandmarksTests */ = {
			isa = PBXNativeTarget;
			buildConfigurationList = 910C007C2B1ED3F800020CD8 /* Build configuration list for PBXNativeTarget "LandmarksTests" */;
			buildPhases = (
				910C00612B1ED3F800020CD8 /* Sources */,
				910C00622B1ED3F800020CD8 /* Frameworks */,
				910C00632B1ED3F800020CD8 /* Resources */,
			);
			buildRules = (
			);
			dependencies = (
				910C00672B1ED3F800020CD8 /* PBXTargetDependency */,
			);
			name = LandmarksTests;
			productName = LandmarksTests;
			productReference = 910C00652B1ED3F800020CD8 /* LandmarksTests.xctest */;
			productType = "com.apple.product-type.bundle.unit-test";
		};
		910C006E2B1ED3F800020CD8 /* LandmarksUITests */ = {
			isa = PBXNativeTarget;
			buildConfigurationList = 910C007F2B1ED3F800020CD8 /* Build configuration list for PBXNativeTarget "LandmarksUITests" */;
			buildPhases = (
				910C006B2B1ED3F800020CD8 /* Sources */,
				910C006C2B1ED3F800020CD8 /* Frameworks */,
				910C006D2B1ED3F800020CD8 /* Resources */,
			);
			buildRules = (
			);
			dependencies = (
				910C00712B1ED3F800020CD8 /* PBXTargetDependency */,
			);
			name = LandmarksUITests;
			productName = LandmarksUITests;
			productReference = 910C006F2B1ED3F800020CD8 /* LandmarksUITests.xctest */;
			productType = "com.apple.product-type.bundle.ui-testing";
		};
/* End PBXNativeTarget section */

/* Begin PBXProject section */
		910C004D2B1ED3F700020CD8 /* Project object */ = {
			isa = PBXProject;
			attributes = {
				BuildIndependentTargetsInParallel = 1;
				LastSwiftUpdateCheck = 1500;
				LastUpgradeCheck = 1500;
				TargetAttributes = {
					910C00542B1ED3F700020CD8 = {
						CreatedOnToolsVersion = 15.0.1;
					};
					910C00642B1ED3F800020CD8 = {
						CreatedOnToolsVersion = 15.0.1;
						TestTargetID = 910C00542B1ED3F700020CD8;
					};
					910C006E2B1ED3F800020CD8 = {
						CreatedOnToolsVersion = 15.0.1;
						TestTargetID = 910C00542B1ED3F700020CD8;
					};
				};
			};
			buildConfigurationList = 910C00502B1ED3F700020CD8 /* Build configuration list for PBXProject "Landmarks" */;
			compatibilityVersion = "Xcode 14.0";
			developmentRegion = en;
			hasScannedForEncodings = 0;
			knownRegions = (
				en,
				Base,
			);
			mainGroup = 910C004C2B1ED3F700020CD8;
			productRefGroup = 910C00562B1ED3F700020CD8 /* Products */;
			projectDirPath = "";
			projectRoot = "";
			targets = (
				910C00542B1ED3F700020CD8 /* Landmarks */,
				910C00642B1ED3F800020CD8 /* LandmarksTests */,
				910C006E2B1ED3F800020CD8 /* LandmarksUITests */,
			);
		};
/* End PBXProject section */

/* Begin PBXResourcesBuildPhase section */
		910C00532B1ED3F700020CD8 /* Resources */ = {
			isa = PBXResourcesBuildPhase;
			buildActionMask = 2147483647;
			files = (
				910C00602B1ED3F800020CD8 /* Preview Assets.xcassets in Resources */,
				910C005D2B1ED3F800020CD8 /* Assets.xcassets in Resources */,
				919E96CD2B23FF1800D75E5C /* landmarkData.json in Resources */,
			);
			runOnlyForDeploymentPostprocessing = 0;
		};
		910C00632B1ED3F800020CD8 /* Resources */ = {
			isa = PBXResourcesBuildPhase;
			buildActionMask = 2147483647;
			files = (
			);
			runOnlyForDeploymentPostprocessing = 0;
		};
		910C006D2B1ED3F800020CD8 /* Resources */ = {
			isa = PBXResourcesBuildPhase;
			buildActionMask = 2147483647;
			files = (
			);
			runOnlyForDeploymentPostprocessing = 0;
		};
/* End PBXResourcesBuildPhase section */

/* Begin PBXSourcesBuildPhase section */
		910C00512B1ED3F700020CD8 /* Sources */ = {
			isa = PBXSourcesBuildPhase;
			buildActionMask = 2147483647;
			files = (
				910C005B2B1ED3F700020CD8 /* ContentView.swift in Sources */,
				746AFA992B4E4FF100AF14BF /* Badge.swift in Sources */,
				919E96D12B23FFDF00D75E5C /* MapView.swift in Sources */,
				910C00592B1ED3F700020CD8 /* LandmarksApp.swift in Sources */,
				74DCC9C52B24192700DCE84D /* FavoriteButton.swift in Sources */,
				746AFA912B4E3F4300AF14BF /* HexagonParameters.swift in Sources */,
				746AFA972B4E4F5900AF14BF /* RotatedBadgeSymbol.swift in Sources */,
				746AFA952B4E452300AF14BF /* BadgeSymbol.swift in Sources */,
				919E96D92B24008A00D75E5C /* LandmarkList.swift in Sources */,
				919E96DB2B2400B700D75E5C /* LandmarkDetail.swift in Sources */,
				746AFA932B4E407700AF14BF /* BadgeBackground.swift in Sources */,
				919E96D32B24000200D75E5C /* Landmarks.swift in Sources */,
				919E96CF2B23FF7600D75E5C /* CircleImage.swift in Sources */,
				919E96D72B24006200D75E5C /* LandmarkRow.swift in Sources */,
				919E96D52B24003D00D75E5C /* ModelData.swift in Sources */,
			);
			runOnlyForDeploymentPostprocessing = 0;
		};
		910C00612B1ED3F800020CD8 /* Sources */ = {
			isa = PBXSourcesBuildPhase;
			buildActionMask = 2147483647;
			files = (
				910C006A2B1ED3F800020CD8 /* LandmarksTests.swift in Sources */,
			);
			runOnlyForDeploymentPostprocessing = 0;
		};
		910C006B2B1ED3F800020CD8 /* Sources */ = {
			isa = PBXSourcesBuildPhase;
			buildActionMask = 2147483647;
			files = (
				910C00762B1ED3F800020CD8 /* LandmarksUITestsLaunchTests.swift in Sources */,
				910C00742B1ED3F800020CD8 /* LandmarksUITests.swift in Sources */,
			);
			runOnlyForDeploymentPostprocessing = 0;
		};
/* End PBXSourcesBuildPhase section */

/* Begin PBXTargetDependency section */
		910C00672B1ED3F800020CD8 /* PBXTargetDependency */ = {
			isa = PBXTargetDependency;
			target = 910C00542B1ED3F700020CD8 /* Landmarks */;
			targetProxy = 910C00662B1ED3F800020CD8 /* PBXContainerItemProxy */;
		};
		910C00712B1ED3F800020CD8 /* PBXTargetDependency */ = {
			isa = PBXTargetDependency;
			target = 910C00542B1ED3F700020CD8 /* Landmarks */;
			targetProxy = 910C00702B1ED3F800020CD8 /* PBXContainerItemProxy */;
		};
/* End PBXTargetDependency section */

/* Begin XCBuildConfiguration section */
		910C00772B1ED3F800020CD8 /* Debug */ = {
			isa = XCBuildConfiguration;
			buildSettings = {
				ALWAYS_SEARCH_USER_PATHS = NO;
				ASSETCATALOG_COMPILER_GENERATE_SWIFT_ASSET_SYMBOL_EXTENSIONS = YES;
				CLANG_ANALYZER_NONNULL = YES;
				CLANG_ANALYZER_NUMBER_OBJECT_CONVERSION = YES_AGGRESSIVE;
				CLANG_CXX_LANGUAGE_STANDARD = "gnu++20";
				CLANG_ENABLE_MODULES = YES;
				CLANG_ENABLE_OBJC_ARC = YES;
				CLANG_ENABLE_OBJC_WEAK = YES;
				CLANG_WARN_BLOCK_CAPTURE_AUTORELEASING = YES;
				CLANG_WARN_BOOL_CONVERSION = YES;
				CLANG_WARN_COMMA = YES;
				CLANG_WARN_CONSTANT_CONVERSION = YES;
				CLANG_WARN_DEPRECATED_OBJC_IMPLEMENTATIONS = YES;
				CLANG_WARN_DIRECT_OBJC_ISA_USAGE = YES_ERROR;
				CLANG_WARN_DOCUMENTATION_COMMENTS = YES;
				CLANG_WARN_EMPTY_BODY = YES;
				CLANG_WARN_ENUM_CONVERSION = YES;
				CLANG_WARN_INFINITE_RECURSION = YES;
				CLANG_WARN_INT_CONVERSION = YES;
				CLANG_WARN_NON_LITERAL_NULL_CONVERSION = YES;
				CLANG_WARN_OBJC_IMPLICIT_RETAIN_SELF = YES;
				CLANG_WARN_OBJC_LITERAL_CONVERSION = YES;
				CLANG_WARN_OBJC_ROOT_CLASS = YES_ERROR;
				CLANG_WARN_QUOTED_INCLUDE_IN_FRAMEWORK_HEADER = YES;
				CLANG_WARN_RANGE_LOOP_ANALYSIS = YES;
				CLANG_WARN_STRICT_PROTOTYPES = YES;
				CLANG_WARN_SUSPICIOUS_MOVE = YES;
				CLANG_WARN_UNGUARDED_AVAILABILITY = YES_AGGRESSIVE;
				CLANG_WARN_UNREACHABLE_CODE = YES;
				CLANG_WARN__DUPLICATE_METHOD_MATCH = YES;
				COPY_PHASE_STRIP = NO;
				DEBUG_INFORMATION_FORMAT = dwarf;
				ENABLE_STRICT_OBJC_MSGSEND = YES;
				ENABLE_TESTABILITY = YES;
				ENABLE_USER_SCRIPT_SANDBOXING = YES;
				GCC_C_LANGUAGE_STANDARD = gnu17;
				GCC_DYNAMIC_NO_PIC = NO;
				GCC_NO_COMMON_BLOCKS = YES;
				GCC_OPTIMIZATION_LEVEL = 0;
				GCC_PREPROCESSOR_DEFINITIONS = (
					"DEBUG=1",
					"$(inherited)",
				);
				GCC_WARN_64_TO_32_BIT_CONVERSION = YES;
				GCC_WARN_ABOUT_RETURN_TYPE = YES_ERROR;
				GCC_WARN_UNDECLARED_SELECTOR = YES;
				GCC_WARN_UNINITIALIZED_AUTOS = YES_AGGRESSIVE;
				GCC_WARN_UNUSED_FUNCTION = YES;
				GCC_WARN_UNUSED_VARIABLE = YES;
				IPHONEOS_DEPLOYMENT_TARGET = 17.0;
				LOCALIZATION_PREFERS_STRING_CATALOGS = YES;
				MTL_ENABLE_DEBUG_INFO = INCLUDE_SOURCE;
				MTL_FAST_MATH = YES;
				ONLY_ACTIVE_ARCH = YES;
				SDKROOT = iphoneos;
				SWIFT_ACTIVE_COMPILATION_CONDITIONS = "DEBUG $(inherited)";
				SWIFT_OPTIMIZATION_LEVEL = "-Onone";
			};
			name = Debug;
		};
		910C00782B1ED3F800020CD8 /* Release */ = {
			isa = XCBuildConfiguration;
			buildSettings = {
				ALWAYS_SEARCH_USER_PATHS = NO;
				ASSETCATALOG_COMPILER_GENERATE_SWIFT_ASSET_SYMBOL_EXTENSIONS = YES;
				CLANG_ANALYZER_NONNULL = YES;
				CLANG_ANALYZER_NUMBER_OBJECT_CONVERSION = YES_AGGRESSIVE;
				CLANG_CXX_LANGUAGE_STANDARD = "gnu++20";
				CLANG_ENABLE_MODULES = YES;
				CLANG_ENABLE_OBJC_ARC = YES;
				CLANG_ENABLE_OBJC_WEAK = YES;
				CLANG_WARN_BLOCK_CAPTURE_AUTORELEASING = YES;
				CLANG_WARN_BOOL_CONVERSION = YES;
				CLANG_WARN_COMMA = YES;
				CLANG_WARN_CONSTANT_CONVERSION = YES;
				CLANG_WARN_DEPRECATED_OBJC_IMPLEMENTATIONS = YES;
				CLANG_WARN_DIRECT_OBJC_ISA_USAGE = YES_ERROR;
				CLANG_WARN_DOCUMENTATION_COMMENTS = YES;
				CLANG_WARN_EMPTY_BODY = YES;
				CLANG_WARN_ENUM_CONVERSION = YES;
				CLANG_WARN_INFINITE_RECURSION = YES;
				CLANG_WARN_INT_CONVERSION = YES;
				CLANG_WARN_NON_LITERAL_NULL_CONVERSION = YES;
				CLANG_WARN_OBJC_IMPLICIT_RETAIN_SELF = YES;
				CLANG_WARN_OBJC_LITERAL_CONVERSION = YES;
				CLANG_WARN_OBJC_ROOT_CLASS = YES_ERROR;
				CLANG_WARN_QUOTED_INCLUDE_IN_FRAMEWORK_HEADER = YES;
				CLANG_WARN_RANGE_LOOP_ANALYSIS = YES;
				CLANG_WARN_STRICT_PROTOTYPES = YES;
				CLANG_WARN_SUSPICIOUS_MOVE = YES;
				CLANG_WARN_UNGUARDED_AVAILABILITY = YES_AGGRESSIVE;
				CLANG_WARN_UNREACHABLE_CODE = YES;
				CLANG_WARN__DUPLICATE_METHOD_MATCH = YES;
				COPY_PHASE_STRIP = NO;
				DEBUG_INFORMATION_FORMAT = "dwarf-with-dsym";
				ENABLE_NS_ASSERTIONS = NO;
				ENABLE_STRICT_OBJC_MSGSEND = YES;
				ENABLE_USER_SCRIPT_SANDBOXING = YES;
				GCC_C_LANGUAGE_STANDARD = gnu17;
				GCC_NO_COMMON_BLOCKS = YES;
				GCC_WARN_64_TO_32_BIT_CONVERSION = YES;
				GCC_WARN_ABOUT_RETURN_TYPE = YES_ERROR;
				GCC_WARN_UNDECLARED_SELECTOR = YES;
				GCC_WARN_UNINITIALIZED_AUTOS = YES_AGGRESSIVE;
				GCC_WARN_UNUSED_FUNCTION = YES;
				GCC_WARN_UNUSED_VARIABLE = YES;
				IPHONEOS_DEPLOYMENT_TARGET = 17.0;
				LOCALIZATION_PREFERS_STRING_CATALOGS = YES;
				MTL_ENABLE_DEBUG_INFO = NO;
				MTL_FAST_MATH = YES;
				SDKROOT = iphoneos;
				SWIFT_COMPILATION_MODE = wholemodule;
				VALIDATE_PRODUCT = YES;
			};
			name = Release;
		};
		910C007A2B1ED3F800020CD8 /* Debug */ = {
			isa = XCBuildConfiguration;
			buildSettings = {
				ASSETCATALOG_COMPILER_APPICON_NAME = AppIcon;
				ASSETCATALOG_COMPILER_GLOBAL_ACCENT_COLOR_NAME = AccentColor;
				CODE_SIGN_STYLE = Automatic;
				CURRENT_PROJECT_VERSION = 1;
				DEVELOPMENT_ASSET_PATHS = "\"Landmarks/Preview Content\"";
				DEVELOPMENT_TEAM = 939J769M8X;
				ENABLE_PREVIEWS = YES;
				GENERATE_INFOPLIST_FILE = YES;
				INFOPLIST_KEY_UIApplicationSceneManifest_Generation = YES;
				INFOPLIST_KEY_UIApplicationSupportsIndirectInputEvents = YES;
				INFOPLIST_KEY_UILaunchScreen_Generation = YES;
				INFOPLIST_KEY_UISupportedInterfaceOrientations_iPad = "UIInterfaceOrientationPortrait UIInterfaceOrientationPortraitUpsideDown UIInterfaceOrientationLandscapeLeft UIInterfaceOrientationLandscapeRight";
				INFOPLIST_KEY_UISupportedInterfaceOrientations_iPhone = "UIInterfaceOrientationPortrait UIInterfaceOrientationLandscapeLeft UIInterfaceOrientationLandscapeRight";
				LD_RUNPATH_SEARCH_PATHS = (
					"$(inherited)",
					"@executable_path/Frameworks",
				);
				MARKETING_VERSION = 1.0;
				PRODUCT_BUNDLE_IDENTIFIER = com.flutterinastudio.Landmarks;
				PRODUCT_NAME = "$(TARGET_NAME)";
				SWIFT_EMIT_LOC_STRINGS = YES;
				SWIFT_VERSION = 5.0;
				TARGETED_DEVICE_FAMILY = "1,2";
			};
			name = Debug;
		};
		910C007B2B1ED3F800020CD8 /* Release */ = {
			isa = XCBuildConfiguration;
			buildSettings = {
				ASSETCATALOG_COMPILER_APPICON_NAME = AppIcon;
				ASSETCATALOG_COMPILER_GLOBAL_ACCENT_COLOR_NAME = AccentColor;
				CODE_SIGN_STYLE = Automatic;
				CURRENT_PROJECT_VERSION = 1;
				DEVELOPMENT_ASSET_PATHS = "\"Landmarks/Preview Content\"";
				DEVELOPMENT_TEAM = 939J769M8X;
				ENABLE_PREVIEWS = YES;
				GENERATE_INFOPLIST_FILE = YES;
				INFOPLIST_KEY_UIApplicationSceneManifest_Generation = YES;
				INFOPLIST_KEY_UIApplicationSupportsIndirectInputEvents = YES;
				INFOPLIST_KEY_UILaunchScreen_Generation = YES;
				INFOPLIST_KEY_UISupportedInterfaceOrientations_iPad = "UIInterfaceOrientationPortrait UIInterfaceOrientationPortraitUpsideDown UIInterfaceOrientationLandscapeLeft UIInterfaceOrientationLandscapeRight";
				INFOPLIST_KEY_UISupportedInterfaceOrientations_iPhone = "UIInterfaceOrientationPortrait UIInterfaceOrientationLandscapeLeft UIInterfaceOrientationLandscapeRight";
				LD_RUNPATH_SEARCH_PATHS = (
					"$(inherited)",
					"@executable_path/Frameworks",
				);
				MARKETING_VERSION = 1.0;
				PRODUCT_BUNDLE_IDENTIFIER = com.flutterinastudio.Landmarks;
				PRODUCT_NAME = "$(TARGET_NAME)";
				SWIFT_EMIT_LOC_STRINGS = YES;
				SWIFT_VERSION = 5.0;
				TARGETED_DEVICE_FAMILY = "1,2";
			};
			name = Release;
		};
		910C007D2B1ED3F800020CD8 /* Debug */ = {
			isa = XCBuildConfiguration;
			buildSettings = {
				ALWAYS_EMBED_SWIFT_STANDARD_LIBRARIES = YES;
				BUNDLE_LOADER = "$(TEST_HOST)";
				CODE_SIGN_STYLE = Automatic;
				CURRENT_PROJECT_VERSION = 1;
				DEVELOPMENT_TEAM = 939J769M8X;
				GENERATE_INFOPLIST_FILE = YES;
				IPHONEOS_DEPLOYMENT_TARGET = 17.0;
				MARKETING_VERSION = 1.0;
				PRODUCT_BUNDLE_IDENTIFIER = com.flutterinastudio.LandmarksTests;
				PRODUCT_NAME = "$(TARGET_NAME)";
				SWIFT_EMIT_LOC_STRINGS = NO;
				SWIFT_VERSION = 5.0;
				TARGETED_DEVICE_FAMILY = "1,2";
				TEST_HOST = "$(BUILT_PRODUCTS_DIR)/Landmarks.app/$(BUNDLE_EXECUTABLE_FOLDER_PATH)/Landmarks";
			};
			name = Debug;
		};
		910C007E2B1ED3F800020CD8 /* Release */ = {
			isa = XCBuildConfiguration;
			buildSettings = {
				ALWAYS_EMBED_SWIFT_STANDARD_LIBRARIES = YES;
				BUNDLE_LOADER = "$(TEST_HOST)";
				CODE_SIGN_STYLE = Automatic;
				CURRENT_PROJECT_VERSION = 1;
				DEVELOPMENT_TEAM = 939J769M8X;
				GENERATE_INFOPLIST_FILE = YES;
				IPHONEOS_DEPLOYMENT_TARGET = 17.0;
				MARKETING_VERSION = 1.0;
				PRODUCT_BUNDLE_IDENTIFIER = com.flutterinastudio.LandmarksTests;
				PRODUCT_NAME = "$(TARGET_NAME)";
				SWIFT_EMIT_LOC_STRINGS = NO;
				SWIFT_VERSION = 5.0;
				TARGETED_DEVICE_FAMILY = "1,2";
				TEST_HOST = "$(BUILT_PRODUCTS_DIR)/Landmarks.app/$(BUNDLE_EXECUTABLE_FOLDER_PATH)/Landmarks";
			};
			name = Release;
		};
		910C00802B1ED3F800020CD8 /* Debug */ = {
			isa = XCBuildConfiguration;
			buildSettings = {
				ALWAYS_EMBED_SWIFT_STANDARD_LIBRARIES = YES;
				CODE_SIGN_STYLE = Automatic;
				CURRENT_PROJECT_VERSION = 1;
				DEVELOPMENT_TEAM = 939J769M8X;
				GENERATE_INFOPLIST_FILE = YES;
				MARKETING_VERSION = 1.0;
				PRODUCT_BUNDLE_IDENTIFIER = com.flutterinastudio.LandmarksUITests;
				PRODUCT_NAME = "$(TARGET_NAME)";
				SWIFT_EMIT_LOC_STRINGS = NO;
				SWIFT_VERSION = 5.0;
				TARGETED_DEVICE_FAMILY = "1,2";
				TEST_TARGET_NAME = Landmarks;
			};
			name = Debug;
		};
		910C00812B1ED3F800020CD8 /* Release */ = {
			isa = XCBuildConfiguration;
			buildSettings = {
				ALWAYS_EMBED_SWIFT_STANDARD_LIBRARIES = YES;
				CODE_SIGN_STYLE = Automatic;
				CURRENT_PROJECT_VERSION = 1;
				DEVELOPMENT_TEAM = 939J769M8X;
				GENERATE_INFOPLIST_FILE = YES;
				MARKETING_VERSION = 1.0;
				PRODUCT_BUNDLE_IDENTIFIER = com.flutterinastudio.LandmarksUITests;
				PRODUCT_NAME = "$(TARGET_NAME)";
				SWIFT_EMIT_LOC_STRINGS = NO;
				SWIFT_VERSION = 5.0;
				TARGETED_DEVICE_FAMILY = "1,2";
				TEST_TARGET_NAME = Landmarks;
			};
			name = Release;
		};
/* End XCBuildConfiguration section */

/* Begin XCConfigurationList section */
		910C00502B1ED3F700020CD8 /* Build configuration list for PBXProject "Landmarks" */ = {
			isa = XCConfigurationList;
			buildConfigurations = (
				910C00772B1ED3F800020CD8 /* Debug */,
				910C00782B1ED3F800020CD8 /* Release */,
			);
			defaultConfigurationIsVisible = 0;
			defaultConfigurationName = Release;
		};
		910C00792B1ED3F800020CD8 /* Build configuration list for PBXNativeTarget "Landmarks" */ = {
			isa = XCConfigurationList;
			buildConfigurations = (
				910C007A2B1ED3F800020CD8 /* Debug */,
				910C007B2B1ED3F800020CD8 /* Release */,
			);
			defaultConfigurationIsVisible = 0;
			defaultConfigurationName = Release;
		};
		910C007C2B1ED3F800020CD8 /* Build configuration list for PBXNativeTarget "LandmarksTests" */ = {
			isa = XCConfigurationList;
			buildConfigurations = (
				910C007D2B1ED3F800020CD8 /* Debug */,
				910C007E2B1ED3F800020CD8 /* Release */,
			);
			defaultConfigurationIsVisible = 0;
			defaultConfigurationName = Release;
		};
		910C007F2B1ED3F800020CD8 /* Build configuration list for PBXNativeTarget "LandmarksUITests" */ = {
			isa = XCConfigurationList;
			buildConfigurations = (
				910C00802B1ED3F800020CD8 /* Debug */,
				910C00812B1ED3F800020CD8 /* Release */,
			);
			defaultConfigurationIsVisible = 0;
			defaultConfigurationName = Release;
		};
/* End XCConfigurationList section */
	};
	rootObject = 910C004D2B1ED3F700020CD8 /* Project object */;
}
